
Microsoft Visual Studio Solution File, Format Version 12.00
# Visual Studio Version 16
VisualStudioVersion = 16.0.29324.140
MinimumVisualStudioVersion = 10.0.40219.1
Project("{9A19103F-16F7-4668-BE54-9A1E7A4F7556}") = "BK", "BK.csproj", "{89D0D9AD-6A21-486A-992B-554447BA23EA}"
EndProject
Project("{FAE04EC0-301F-11D3-BF4B-00C04F79EFBC}") = "BKTests", "BKTests\BKTests.csproj", "{F5D75F59-BC96-4F5F-B1F5-8BDAE3515A81}"
EndProject
Global
	GlobalSection(SolutionConfigurationPlatforms) = preSolution
		Debug|Any CPU = Debug|Any CPU
		Release|Any CPU = Release|Any CPU
	EndGlobalSection
	GlobalSection(ProjectConfigurationPlatforms) = postSolution
		{89D0D9AD-6A21-486A-992B-554447BA23EA}.Debug|Any CPU.ActiveCfg = Debug|Any CPU
		{89D0D9AD-6A21-486A-992B-554447BA23EA}.Debug|Any CPU.Build.0 = Debug|Any CPU
		{89D0D9AD-6A21-486A-992B-554447BA23EA}.Release|Any CPU.ActiveCfg = Release|Any CPU
		{89D0D9AD-6A21-486A-992B-554447BA23EA}.Release|Any CPU.Build.0 = Release|Any CPU
		{F5D75F59-BC96-4F5F-B1F5-8BDAE3515A81}.Debug|Any CPU.ActiveCfg = Debug|Any CPU
		{F5D75F59-BC96-4F5F-B1F5-8BDAE3515A81}.Debug|Any CPU.Build.0 = Debug|Any CPU
		{F5D75F59-BC96-4F5F-B1F5-8BDAE3515A81}.Release|Any CPU.ActiveCfg = Release|Any CPU
		{F5D75F59-BC96-4F5F-B1F5-8BDAE3515A81}.Release|Any CPU.Build.0 = Release|Any CPU
	EndGlobalSection
	GlobalSection(SolutionProperties) = preSolution
		HideSolutionNode = FALSE
	EndGlobalSection
	GlobalSection(ExtensibilityGlobals) = postSolution
		SolutionGuid = {FA6367F9-2BE6-4A0F-8726-4525BC13B6D5}
	EndGlobalSection
EndGlobal
